# This file is automatically @generated by Cargo.
# It is not intended for manual editing.
version = 3

[[package]]
name = "cache"
version = "0.1.0"

[[package]]
name = "common"
version = "0.1.0"

[[package]]
name = "crypto"
version = "0.1.0"

[[package]]
name = "db"
version = "0.1.0"

[[package]]
name = "env"
version = "0.1.0"

[[package]]
name = "fs"
version = "0.1.0"

[[package]]
name = "p2p"
version = "0.1.0"
